
Microsoft Visual Studio Solution File, Format Version 12.00
# Visual Studio Version 17
VisualStudioVersion = 17.7.34024.191
MinimumVisualStudioVersion = 10.0.40219.1
Project("{FAE04EC0-301F-11D3-BF4B-00C04F79EFBC}") = "NET_CYBER_ASP_ENTITY", "NET_CYBER_ASP_ENTITY\NET_CYBER_ASP_ENTITY.csproj", "{D02D5402-380F-47A7-A140-A6252133D542}"
EndProject
Global
	GlobalSection(SolutionConfigurationPlatforms) = preSolution
		Debug|Any CPU = Debug|Any CPU
		Release|Any CPU = Release|Any CPU
	EndGlobalSection
	GlobalSection(ProjectConfigurationPlatforms) = postSolution
		{D02D5402-380F-47A7-A140-A6252133D542}.Debug|Any CPU.ActiveCfg = Debug|Any CPU
		{D02D5402-380F-47A7-A140-A6252133D542}.Debug|Any CPU.Build.0 = Debug|Any CPU
		{D02D5402-380F-47A7-A140-A6252133D542}.Release|Any CPU.ActiveCfg = Release|Any CPU
		{D02D5402-380F-47A7-A140-A6252133D542}.Release|Any CPU.Build.0 = Release|Any CPU
	EndGlobalSection
	GlobalSection(SolutionProperties) = preSolution
		HideSolutionNode = FALSE
	EndGlobalSection
	GlobalSection(ExtensibilityGlobals) = postSolution
		SolutionGuid = {232A6B28-7CB1-4C8A-B984-3424B98FA591}
	EndGlobalSection
EndGlobal
